
Microsoft Visual Studio Solution File, Format Version 12.00
# Visual Studio Version 17
VisualStudioVersion = 17.5.002.0
MinimumVisualStudioVersion = 10.0.40219.1
Project("{9A19103F-16F7-4668-BE54-9A1E7A4F7556}") = "TWTodosAspNet", "TWTodosAspNet.csproj", "{BC9D7F45-621C-4854-9A47-1797DF3B696B}"
EndProject
Global
	GlobalSection(SolutionConfigurationPlatforms) = preSolution
		Debug|Any CPU = Debug|Any CPU
		Release|Any CPU = Release|Any CPU
	EndGlobalSection
	GlobalSection(ProjectConfigurationPlatforms) = postSolution
		{BC9D7F45-621C-4854-9A47-1797DF3B696B}.Debug|Any CPU.ActiveCfg = Debug|Any CPU
		{BC9D7F45-621C-4854-9A47-1797DF3B696B}.Debug|Any CPU.Build.0 = Debug|Any CPU
		{BC9D7F45-621C-4854-9A47-1797DF3B696B}.Release|Any CPU.ActiveCfg = Release|Any CPU
		{BC9D7F45-621C-4854-9A47-1797DF3B696B}.Release|Any CPU.Build.0 = Release|Any CPU
	EndGlobalSection
	GlobalSection(SolutionProperties) = preSolution
		HideSolutionNode = FALSE
	EndGlobalSection
	GlobalSection(ExtensibilityGlobals) = postSolution
		SolutionGuid = {13E2E517-C11A-42DC-8075-BC56CC3BD809}
	EndGlobalSection
EndGlobal
